{
  "version": 4,
  "terraform_version": "1.1.7",
  "serial": 520,
  "lineage": "0d739ae1-ad67-068a-e624-bf068a4bafa5",
  "outputs": {
    "region": {
      "value": "ap-northeast-2",
      "type": "string"
    }
  },
  "resources": [
    {
      "mode": "managed",
      "type": "aws_db_instance",
      "name": "loljoa2-rds",
      "provider": "provider[\"registry.terraform.io/hashicorp/aws\"]",
      "instances": [
        {
          "schema_version": 1,
          "attributes": {
            "address": "terraform-20220412142128253600000007.ccg52cmol7iq.ap-northeast-2.rds.amazonaws.com",
            "allocated_storage": 10,
            "allow_major_version_upgrade": null,
            "apply_immediately": null,
            "arn": "arn:aws:rds:ap-northeast-2:048987469347:db:terraform-20220412142128253600000007",
            "auto_minor_version_upgrade": true,
            "availability_zone": "ap-northeast-2c",
            "backup_retention_period": 0,
            "backup_window": "14:51-15:21",
            "ca_cert_identifier": "rds-ca-2019",
            "character_set_name": "",
            "copy_tags_to_snapshot": false,
            "customer_owned_ip_enabled": false,
            "db_subnet_group_name": "loljoa2-db-sub-group",
            "delete_automated_backups": true,
            "deletion_protection": false,
            "domain": "",
            "domain_iam_role_name": "",
            "enabled_cloudwatch_logs_exports": [],
            "endpoint": "terraform-20220412142128253600000007.ccg52cmol7iq.ap-northeast-2.rds.amazonaws.com:3306",
            "engine": "mysql",
            "engine_version": "8.0.27",
            "engine_version_actual": "8.0.27",
            "final_snapshot_identifier": null,
            "hosted_zone_id": "ZLA2NUCOLGUUR",
            "iam_database_authentication_enabled": false,
            "id": "terraform-20220412142128253600000007",
            "identifier": "terraform-20220412142128253600000007",
            "identifier_prefix": null,
            "instance_class": "db.t3.micro",
            "iops": 0,
            "kms_key_id": "",
            "latest_restorable_time": "0001-01-01T00:00:00Z",
            "license_model": "general-public-license",
            "maintenance_window": "wed:20:28-wed:20:58",
            "max_allocated_storage": 20,
            "monitoring_interval": 0,
            "monitoring_role_arn": "",
            "multi_az": false,
            "name": "",
            "nchar_character_set_name": "",
            "option_group_name": "default:mysql-8-0",
            "parameter_group_name": "default.mysql8.0",
            "password": "rlawjdgks",
            "performance_insights_enabled": false,
            "performance_insights_kms_key_id": "",
            "performance_insights_retention_period": 0,
            "port": 3306,
            "publicly_accessible": false,
            "replica_mode": "",
            "replicas": [],
            "replicate_source_db": "",
            "resource_id": "db-VWZWO72BN7Z2XV75R5XV37LX2U",
            "restore_to_point_in_time": [],
            "s3_import": [],
            "security_group_names": [],
            "skip_final_snapshot": true,
            "snapshot_identifier": null,
            "status": "available",
            "storage_encrypted": false,
            "storage_type": "gp2",
            "tags": {
              "Name": "loljoa2-rds",
              "kubernetes.io/cluster/loljoa2-eks-cluster": "shared"
            },
            "tags_all": {
              "Name": "loljoa2-rds",
              "kubernetes.io/cluster/loljoa2-eks-cluster": "shared"
            },
            "timeouts": null,
            "timezone": "",
            "username": "hans",
            "vpc_security_group_ids": [
              "sg-05ecabee2e9ac2624"
            ]
          },
          "sensitive_attributes": [],
          "private": "eyJlMmJmYjczMC1lY2FhLTExZTYtOGY4OC0zNDM2M2JjN2M0YzAiOnsiY3JlYXRlIjoyNDAwMDAwMDAwMDAwLCJkZWxldGUiOjM2MDAwMDAwMDAwMDAsInVwZGF0ZSI6NDgwMDAwMDAwMDAwMH0sInNjaGVtYV92ZXJzaW9uIjoiMSJ9",
          "dependencies": [
            "aws_db_subnet_group.loljoa2-db-sub-group",
            "aws_security_group.loljoa2-rds-sg",
            "aws_subnet.loljoa2-pri-sub-a",
            "aws_subnet.loljoa2-pri-sub-c",
            "aws_vpc.loljoa2-vpc"
          ]
        }
      ]
    },
    {
      "mode": "managed",
      "type": "aws_db_subnet_group",
      "name": "loljoa2-db-sub-group",
      "provider": "provider[\"registry.terraform.io/hashicorp/aws\"]",
      "instances": [
        {
          "schema_version": 0,
          "attributes": {
            "arn": "arn:aws:rds:ap-northeast-2:048987469347:subgrp:loljoa2-db-sub-group",
            "description": "Managed by Terraform",
            "id": "loljoa2-db-sub-group",
            "name": "loljoa2-db-sub-group",
            "name_prefix": null,
            "subnet_ids": [
              "subnet-004527fdeb24141d5",
              "subnet-0b2b282cad20679f8"
            ],
            "tags": {
              "Name": "loljoa2-db-sub-group",
              "kubernetes.io/cluster/loljoa2-eks-cluster": "shared"
            },
            "tags_all": {
              "Name": "loljoa2-db-sub-group",
              "kubernetes.io/cluster/loljoa2-eks-cluster": "shared"
            }
          },
          "sensitive_attributes": [],
          "private": "bnVsbA==",
          "dependencies": [
            "aws_subnet.loljoa2-pri-sub-a",
            "aws_subnet.loljoa2-pri-sub-c",
            "aws_vpc.loljoa2-vpc"
          ]
        }
      ]
    },
    {
      "mode": "managed",
      "type": "aws_eip",
      "name": "loljoa2-nat-eip",
      "provider": "provider[\"registry.terraform.io/hashicorp/aws\"]",
      "instances": [
        {
          "schema_version": 0,
          "attributes": {
            "address": null,
            "allocation_id": "eipalloc-055dd8a4ab6d37dcf",
            "associate_with_private_ip": null,
            "association_id": "eipassoc-01205df4d58c39e2e",
            "carrier_ip": "",
            "customer_owned_ip": "",
            "customer_owned_ipv4_pool": "",
            "domain": "vpc",
            "id": "eipalloc-055dd8a4ab6d37dcf",
            "instance": "",
            "network_border_group": "ap-northeast-2",
            "network_interface": "eni-09372c6d5182aec47",
            "private_dns": "ip-192-168-10-122.ap-northeast-2.compute.internal",
            "private_ip": "192.168.10.122",
            "public_dns": "ec2-13-125-185-211.ap-northeast-2.compute.amazonaws.com",
            "public_ip": "13.125.185.211",
            "public_ipv4_pool": "amazon",
            "tags": {
              "Name": "loljoa2-nat-eip"
            },
            "tags_all": {
              "Name": "loljoa2-nat-eip"
            },
            "timeouts": null,
            "vpc": true
          },
          "sensitive_attributes": [],
          "private": "eyJlMmJmYjczMC1lY2FhLTExZTYtOGY4OC0zNDM2M2JjN2M0YzAiOnsiZGVsZXRlIjoxODAwMDAwMDAwMDAsInJlYWQiOjkwMDAwMDAwMDAwMCwidXBkYXRlIjozMDAwMDAwMDAwMDB9fQ=="
        }
      ]
    },
    {
      "mode": "managed",
      "type": "aws_iam_role",
      "name": "loljoa2-eks-cluster",
      "provider": "provider[\"registry.terraform.io/hashicorp/aws\"]",
      "instances": [
        {
          "schema_version": 0,
          "attributes": {
            "arn": "arn:aws:iam::048987469347:role/loljoa2-eks-cluster",
            "assume_role_policy": "{\"Version\":\"2012-10-17\",\"Statement\":[{\"Effect\":\"Allow\",\"Principal\":{\"Service\":\"eks.amazonaws.com\"},\"Action\":\"sts:AssumeRole\"}]}",
            "create_date": "2022-04-12T14:21:15Z",
            "description": "",
            "force_detach_policies": false,
            "id": "loljoa2-eks-cluster",
            "inline_policy": [
              {
                "name": "",
                "policy": ""
              }
            ],
            "managed_policy_arns": [
              "arn:aws:iam::aws:policy/AmazonEKSClusterPolicy",
              "arn:aws:iam::aws:policy/AmazonEKSServicePolicy",
              "arn:aws:iam::aws:policy/AmazonEKSVPCResourceController"
            ],
            "max_session_duration": 3600,
            "name": "loljoa2-eks-cluster",
            "name_prefix": "",
            "path": "/",
            "permissions_boundary": null,
            "tags": {},
            "tags_all": {},
            "unique_id": "AROAQWZ7BOYR6NG365CSY"
          },
          "sensitive_attributes": [],
          "private": "bnVsbA=="
        }
      ]
    },
    {
      "mode": "managed",
      "type": "aws_iam_role",
      "name": "loljoa2-eks-node",
      "provider": "provider[\"registry.terraform.io/hashicorp/aws\"]",
      "instances": [
        {
          "schema_version": 0,
          "attributes": {
            "arn": "arn:aws:iam::048987469347:role/loljoa2-eks-node",
            "assume_role_policy": "{\"Version\":\"2012-10-17\",\"Statement\":[{\"Effect\":\"Allow\",\"Principal\":{\"Service\":\"ec2.amazonaws.com\"},\"Action\":\"sts:AssumeRole\"}]}",
            "create_date": "2022-04-12T14:21:15Z",
            "description": "",
            "force_detach_policies": false,
            "id": "loljoa2-eks-node",
            "inline_policy": [
              {
                "name": "",
                "policy": ""
              }
            ],
            "managed_policy_arns": [
              "arn:aws:iam::aws:policy/AmazonEC2ContainerRegistryReadOnly",
              "arn:aws:iam::aws:policy/AmazonEKSWorkerNodePolicy"
            ],
            "max_session_duration": 3600,
            "name": "loljoa2-eks-node",
            "name_prefix": "",
            "path": "/",
            "permissions_boundary": null,
            "tags": {},
            "tags_all": {},
            "unique_id": "AROAQWZ7BOYR5B2PVMUK2"
          },
          "sensitive_attributes": [],
          "private": "bnVsbA=="
        }
      ]
    },
    {
      "mode": "managed",
      "type": "aws_iam_role_policy_attachment",
      "name": "loljoa2-eks-cluster-AmazonEKSClusterPolicy",
      "provider": "provider[\"registry.terraform.io/hashicorp/aws\"]",
      "instances": [
        {
          "schema_version": 0,
          "attributes": {
            "id": "loljoa2-eks-cluster-20220412142119181700000003",
            "policy_arn": "arn:aws:iam::aws:policy/AmazonEKSClusterPolicy",
            "role": "loljoa2-eks-cluster"
          },
          "sensitive_attributes": [],
          "private": "bnVsbA==",
          "dependencies": [
            "aws_iam_role.loljoa2-eks-cluster"
          ]
        }
      ]
    },
    {
      "mode": "managed",
      "type": "aws_iam_role_policy_attachment",
      "name": "loljoa2-eks-cluster-AmazonEKSServicePolicy",
      "provider": "provider[\"registry.terraform.io/hashicorp/aws\"]",
      "instances": [
        {
          "schema_version": 0,
          "attributes": {
            "id": "loljoa2-eks-cluster-20220412142119163000000001",
            "policy_arn": "arn:aws:iam::aws:policy/AmazonEKSServicePolicy",
            "role": "loljoa2-eks-cluster"
          },
          "sensitive_attributes": [],
          "private": "bnVsbA==",
          "dependencies": [
            "aws_iam_role.loljoa2-eks-cluster"
          ]
        }
      ]
    },
    {
      "mode": "managed",
      "type": "aws_iam_role_policy_attachment",
      "name": "loljoa2-eks-cluster-AmazonEKSVPCResourceController",
      "provider": "provider[\"registry.terraform.io/hashicorp/aws\"]",
      "instances": [
        {
          "schema_version": 0,
          "attributes": {
            "id": "loljoa2-eks-cluster-20220412142119195900000004",
            "policy_arn": "arn:aws:iam::aws:policy/AmazonEKSVPCResourceController",
            "role": "loljoa2-eks-cluster"
          },
          "sensitive_attributes": [],
          "private": "bnVsbA==",
          "dependencies": [
            "aws_iam_role.loljoa2-eks-cluster"
          ]
        }
      ]
    },
    {
      "mode": "managed",
      "type": "aws_iam_role_policy_attachment",
      "name": "loljoa2-eks-node-AmazonEC2ContainerRegistryReadOnly",
      "provider": "provider[\"registry.terraform.io/hashicorp/aws\"]",
      "instances": [
        {
          "schema_version": 0,
          "attributes": {
            "id": "loljoa2-eks-node-20220412142119327100000005",
            "policy_arn": "arn:aws:iam::aws:policy/AmazonEC2ContainerRegistryReadOnly",
            "role": "loljoa2-eks-node"
          },
          "sensitive_attributes": [],
          "private": "bnVsbA==",
          "dependencies": [
            "aws_iam_role.loljoa2-eks-node"
          ]
        }
      ]
    },
    {
      "mode": "managed",
      "type": "aws_iam_role_policy_attachment",
      "name": "loljoa2-eks-node-AmazonEKSWorkerNodePolicy",
      "provider": "provider[\"registry.terraform.io/hashicorp/aws\"]",
      "instances": [
        {
          "schema_version": 0,
          "attributes": {
            "id": "loljoa2-eks-node-20220412142119179700000002",
            "policy_arn": "arn:aws:iam::aws:policy/AmazonEKSWorkerNodePolicy",
            "role": "loljoa2-eks-node"
          },
          "sensitive_attributes": [],
          "private": "bnVsbA==",
          "dependencies": [
            "aws_iam_role.loljoa2-eks-node"
          ]
        }
      ]
    },
    {
      "mode": "managed",
      "type": "aws_instance",
      "name": "loljoa2-jenkins",
      "provider": "provider[\"registry.terraform.io/hashicorp/aws\"]",
      "instances": [
        {
          "schema_version": 1,
          "attributes": {
            "ami": "ami-0454bb2fefc7de534",
            "arn": "arn:aws:ec2:ap-northeast-2:048987469347:instance/i-0f68bb3ba539a0da1",
            "associate_public_ip_address": true,
            "availability_zone": "ap-northeast-2a",
            "capacity_reservation_specification": [
              {
                "capacity_reservation_preference": "open",
                "capacity_reservation_target": []
              }
            ],
            "cpu_core_count": 1,
            "cpu_threads_per_core": 1,
            "credit_specification": [
              {
                "cpu_credits": "standard"
              }
            ],
            "disable_api_termination": false,
            "ebs_block_device": [],
            "ebs_optimized": false,
            "enclave_options": [
              {
                "enabled": false
              }
            ],
            "ephemeral_block_device": [],
            "get_password_data": false,
            "hibernation": false,
            "host_id": null,
            "iam_instance_profile": "",
            "id": "i-0f68bb3ba539a0da1",
            "instance_initiated_shutdown_behavior": "stop",
            "instance_state": "running",
            "instance_type": "t2.small",
            "ipv6_address_count": 0,
            "ipv6_addresses": [],
            "key_name": "loljoa2-key",
            "launch_template": [],
            "metadata_options": [
              {
                "http_endpoint": "enabled",
                "http_put_response_hop_limit": 1,
                "http_tokens": "optional",
                "instance_metadata_tags": "disabled"
              }
            ],
            "monitoring": false,
            "network_interface": [],
            "outpost_arn": "",
            "password_data": "",
            "placement_group": "",
            "placement_partition_number": null,
            "primary_network_interface_id": "eni-0aa4ba11555085c54",
            "private_dns": "ip-192-168-10-74.ap-northeast-2.compute.internal",
            "private_ip": "192.168.10.74",
            "public_dns": "",
            "public_ip": "13.209.80.105",
            "root_block_device": [
              {
                "delete_on_termination": false,
                "device_name": "/dev/sda1",
                "encrypted": false,
                "iops": 100,
                "kms_key_id": "",
                "tags": null,
                "throughput": 0,
                "volume_id": "vol-040f219596db55e04",
                "volume_size": 30,
                "volume_type": "gp2"
              }
            ],
            "secondary_private_ips": [],
            "security_groups": [],
            "source_dest_check": true,
            "subnet_id": "subnet-0c80f522a3c5a464d",
            "tags": {
              "Name": "loljoa2-jenkins"
            },
            "tags_all": {
              "Name": "loljoa2-jenkins"
            },
            "tenancy": "default",
            "timeouts": null,
            "user_data": null,
            "user_data_base64": null,
            "volume_tags": null,
            "vpc_security_group_ids": [
              "sg-054ab973c77caa578"
            ]
          },
          "sensitive_attributes": [],
          "private": "eyJlMmJmYjczMC1lY2FhLTExZTYtOGY4OC0zNDM2M2JjN2M0YzAiOnsiY3JlYXRlIjo2MDAwMDAwMDAwMDAsImRlbGV0ZSI6MTIwMDAwMDAwMDAwMCwidXBkYXRlIjo2MDAwMDAwMDAwMDB9LCJzY2hlbWFfdmVyc2lvbiI6IjEifQ==",
          "dependencies": [
            "aws_key_pair.loljoa2-key",
            "aws_security_group.loljoa2-bastion-sg",
            "aws_subnet.loljoa2-pub-sub"
          ]
        }
      ]
    },
    {
      "mode": "managed",
      "type": "aws_internet_gateway",
      "name": "loljoa2-igw",
      "provider": "provider[\"registry.terraform.io/hashicorp/aws\"]",
      "instances": [
        {
          "schema_version": 0,
          "attributes": {
            "arn": "arn:aws:ec2:ap-northeast-2:048987469347:internet-gateway/igw-03aecb646c6ab7bb5",
            "id": "igw-03aecb646c6ab7bb5",
            "owner_id": "048987469347",
            "tags": {
              "Name": "loljoa2-igw"
            },
            "tags_all": {
              "Name": "loljoa2-igw"
            },
            "vpc_id": "vpc-0d59c77393ab0377d"
          },
          "sensitive_attributes": [],
          "private": "bnVsbA==",
          "dependencies": [
            "aws_vpc.loljoa2-vpc"
          ]
        }
      ]
    },
    {
      "mode": "managed",
      "type": "aws_key_pair",
      "name": "loljoa2-key",
      "provider": "provider[\"registry.terraform.io/hashicorp/aws\"]",
      "instances": [
        {
          "schema_version": 1,
          "attributes": {
            "arn": "arn:aws:ec2:ap-northeast-2:048987469347:key-pair/loljoa2-key",
            "fingerprint": "aa:f6:68:06:46:2e:04:f8:d8:ca:24:34:72:71:30:56",
            "id": "loljoa2-key",
            "key_name": "loljoa2-key",
            "key_name_prefix": "",
            "key_pair_id": "key-00a9251056a1e3e49",
            "public_key": "ssh-rsa AAAAB3NzaC1yc2EAAAADAQABAAABgQC8DcmXRQTIoU9cA1NJVXrJbM0199rZxH4QrA/UMvpYOwCUW0HG9KDpYmLb6xbospgt1Ap+e330pJcewQCc2QMGiqQ7ejwEx3rtCWPAksUIJ3smDrHa8MkK7KeULX4PznxPadrByMVnHHctG07M3z/xMDYdJClEhn1wa1H7TCcSQ6vqKDjSHBhYvokQElsPLRGl40a76WvftZBGcPYXKYa9ovw+fpThXSRbEpL2CJoa87PGY0Cz66ZQyU9hIPUFfiYeBzA0sQK18FkDbFCLg04D1715PpFZYtd6sykMq0cN57ZnoDYC5HaQlh0l0HWF1VyoA4pJbWROSKIBFrLV1caM9i8t2oe/5O9tqu+Cx6fD/E3qTQPZ3iFrbfBTxKpbyp9SU9+UomYYE2hCCR+z64NS90OxcYYa27S5hkU8tS1t9CdQB783zzUJyq3NXtXGyNJ4OJD/GGg0R/IAEZD0Ept/LVp9v3pQzRrXOAluRlkCv51lvs3qmv8Bc2Z0AsTD/xc= hans@haniui-MacBook-Pro.local",
            "tags": {},
            "tags_all": {}
          },
          "sensitive_attributes": [],
          "private": "eyJzY2hlbWFfdmVyc2lvbiI6IjEifQ=="
        }
      ]
    },
    {
      "mode": "managed",
      "type": "aws_nat_gateway",
      "name": "loljoa2-nat",
      "provider": "provider[\"registry.terraform.io/hashicorp/aws\"]",
      "instances": [
        {
          "schema_version": 0,
          "attributes": {
            "allocation_id": "eipalloc-055dd8a4ab6d37dcf",
            "connectivity_type": "public",
            "id": "nat-032531168ed5ad5ad",
            "network_interface_id": "eni-09372c6d5182aec47",
            "private_ip": "192.168.10.122",
            "public_ip": "13.125.185.211",
            "subnet_id": "subnet-0c80f522a3c5a464d",
            "tags": {
              "Name": "loljoa2-nat"
            },
            "tags_all": {
              "Name": "loljoa2-nat"
            }
          },
          "sensitive_attributes": [],
          "private": "bnVsbA==",
          "dependencies": [
            "aws_eip.loljoa2-nat-eip",
            "aws_subnet.loljoa2-pub-sub",
            "aws_vpc.loljoa2-vpc"
          ]
        }
      ]
    },
    {
      "mode": "managed",
      "type": "aws_route_table",
      "name": "loljoa2-pri-route",
      "provider": "provider[\"registry.terraform.io/hashicorp/aws\"]",
      "instances": [
        {
          "schema_version": 0,
          "attributes": {
            "arn": "arn:aws:ec2:ap-northeast-2:048987469347:route-table/rtb-023f3c55c6b5449c0",
            "id": "rtb-023f3c55c6b5449c0",
            "owner_id": "048987469347",
            "propagating_vgws": [],
            "route": [
              {
                "carrier_gateway_id": "",
                "cidr_block": "0.0.0.0/0",
                "destination_prefix_list_id": "",
                "egress_only_gateway_id": "",
                "gateway_id": "",
                "instance_id": "",
                "ipv6_cidr_block": "",
                "local_gateway_id": "",
                "nat_gateway_id": "nat-032531168ed5ad5ad",
                "network_interface_id": "",
                "transit_gateway_id": "",
                "vpc_endpoint_id": "",
                "vpc_peering_connection_id": ""
              }
            ],
            "tags": {
              "Name": "loljoa2-pri-route"
            },
            "tags_all": {
              "Name": "loljoa2-pri-route"
            },
            "timeouts": null,
            "vpc_id": "vpc-0d59c77393ab0377d"
          },
          "sensitive_attributes": [],
          "private": "eyJlMmJmYjczMC1lY2FhLTExZTYtOGY4OC0zNDM2M2JjN2M0YzAiOnsiY3JlYXRlIjozMDAwMDAwMDAwMDAsImRlbGV0ZSI6MzAwMDAwMDAwMDAwLCJ1cGRhdGUiOjEyMDAwMDAwMDAwMH19",
          "dependencies": [
            "aws_eip.loljoa2-nat-eip",
            "aws_nat_gateway.loljoa2-nat",
            "aws_subnet.loljoa2-pub-sub",
            "aws_vpc.loljoa2-vpc"
          ]
        }
      ]
    },
    {
      "mode": "managed",
      "type": "aws_route_table",
      "name": "loljoa2-pub-route",
      "provider": "provider[\"registry.terraform.io/hashicorp/aws\"]",
      "instances": [
        {
          "schema_version": 0,
          "attributes": {
            "arn": "arn:aws:ec2:ap-northeast-2:048987469347:route-table/rtb-0163b59337553c1d1",
            "id": "rtb-0163b59337553c1d1",
            "owner_id": "048987469347",
            "propagating_vgws": [],
            "route": [
              {
                "carrier_gateway_id": "",
                "cidr_block": "0.0.0.0/0",
                "destination_prefix_list_id": "",
                "egress_only_gateway_id": "",
                "gateway_id": "igw-03aecb646c6ab7bb5",
                "instance_id": "",
                "ipv6_cidr_block": "",
                "local_gateway_id": "",
                "nat_gateway_id": "",
                "network_interface_id": "",
                "transit_gateway_id": "",
                "vpc_endpoint_id": "",
                "vpc_peering_connection_id": ""
              }
            ],
            "tags": {
              "Name": "loljoa2-pub-route"
            },
            "tags_all": {
              "Name": "loljoa2-pub-route"
            },
            "timeouts": null,
            "vpc_id": "vpc-0d59c77393ab0377d"
          },
          "sensitive_attributes": [],
          "private": "eyJlMmJmYjczMC1lY2FhLTExZTYtOGY4OC0zNDM2M2JjN2M0YzAiOnsiY3JlYXRlIjozMDAwMDAwMDAwMDAsImRlbGV0ZSI6MzAwMDAwMDAwMDAwLCJ1cGRhdGUiOjEyMDAwMDAwMDAwMH19",
          "dependencies": [
            "aws_internet_gateway.loljoa2-igw",
            "aws_vpc.loljoa2-vpc"
          ]
        }
      ]
    },
    {
      "mode": "managed",
      "type": "aws_route_table_association",
      "name": "loljoa2-pri-routing1",
      "provider": "provider[\"registry.terraform.io/hashicorp/aws\"]",
      "instances": [
        {
          "schema_version": 0,
          "attributes": {
            "gateway_id": "",
            "id": "rtbassoc-0e9ebd3a796fdc4fb",
            "route_table_id": "rtb-023f3c55c6b5449c0",
            "subnet_id": "subnet-0b2b282cad20679f8"
          },
          "sensitive_attributes": [],
          "private": "bnVsbA==",
          "dependencies": [
            "aws_eip.loljoa2-nat-eip",
            "aws_nat_gateway.loljoa2-nat",
            "aws_route_table.loljoa2-pri-route",
            "aws_subnet.loljoa2-pri-sub-a",
            "aws_subnet.loljoa2-pub-sub",
            "aws_vpc.loljoa2-vpc"
          ]
        }
      ]
    },
    {
      "mode": "managed",
      "type": "aws_route_table_association",
      "name": "loljoa2-pri-routing2",
      "provider": "provider[\"registry.terraform.io/hashicorp/aws\"]",
      "instances": [
        {
          "schema_version": 0,
          "attributes": {
            "gateway_id": "",
            "id": "rtbassoc-081b606fd4d4d7437",
            "route_table_id": "rtb-023f3c55c6b5449c0",
            "subnet_id": "subnet-004527fdeb24141d5"
          },
          "sensitive_attributes": [],
          "private": "bnVsbA==",
          "dependencies": [
            "aws_eip.loljoa2-nat-eip",
            "aws_nat_gateway.loljoa2-nat",
            "aws_route_table.loljoa2-pri-route",
            "aws_subnet.loljoa2-pri-sub-c",
            "aws_subnet.loljoa2-pub-sub",
            "aws_vpc.loljoa2-vpc"
          ]
        }
      ]
    },
    {
      "mode": "managed",
      "type": "aws_route_table_association",
      "name": "loljoa2-pub-routing",
      "provider": "provider[\"registry.terraform.io/hashicorp/aws\"]",
      "instances": [
        {
          "schema_version": 0,
          "attributes": {
            "gateway_id": "",
            "id": "rtbassoc-08ee03b81896f37dd",
            "route_table_id": "rtb-0163b59337553c1d1",
            "subnet_id": "subnet-0c80f522a3c5a464d"
          },
          "sensitive_attributes": [],
          "private": "bnVsbA==",
          "dependencies": [
            "aws_internet_gateway.loljoa2-igw",
            "aws_route_table.loljoa2-pub-route",
            "aws_subnet.loljoa2-pub-sub",
            "aws_vpc.loljoa2-vpc"
          ]
        }
      ]
    },
    {
      "mode": "managed",
      "type": "aws_s3_access_point",
      "name": "loljoa2-s3-access",
      "provider": "provider[\"registry.terraform.io/hashicorp/aws\"]",
      "instances": [
        {
          "schema_version": 0,
          "attributes": {
            "account_id": "048987469347",
            "alias": "loljoa2-s3-access-8x9a8bp3ak11wysj8679pgarzxme6apn2a-s3alias",
            "arn": "arn:aws:s3:ap-northeast-2:048987469347:accesspoint/loljoa2-s3-access",
            "bucket": "loljoa2-bucket",
            "domain_name": "loljoa2-s3-access-048987469347.s3-accesspoint.ap-northeast-2.amazonaws.com",
            "endpoints": {
              "dualstack": "s3-accesspoint.dualstack.ap-northeast-2.amazonaws.com",
              "ipv4": "s3-accesspoint.ap-northeast-2.amazonaws.com"
            },
            "has_public_access_policy": false,
            "id": "048987469347:loljoa2-s3-access",
            "name": "loljoa2-s3-access",
            "network_origin": "VPC",
            "policy": "",
            "public_access_block_configuration": [
              {
                "block_public_acls": true,
                "block_public_policy": true,
                "ignore_public_acls": true,
                "restrict_public_buckets": true
              }
            ],
            "vpc_configuration": [
              {
                "vpc_id": "vpc-0d59c77393ab0377d"
              }
            ]
          },
          "sensitive_attributes": [],
          "private": "bnVsbA==",
          "dependencies": [
            "aws_s3_bucket.loljoa2-s3",
            "aws_vpc.loljoa2-vpc"
          ]
        }
      ]
    },
    {
      "mode": "managed",
      "type": "aws_s3_bucket",
      "name": "loljoa2-s3",
      "provider": "provider[\"registry.terraform.io/hashicorp/aws\"]",
      "instances": [
        {
          "schema_version": 0,
          "attributes": {
            "acceleration_status": "",
            "acl": "private",
            "arn": "arn:aws:s3:::loljoa2-bucket",
            "bucket": "loljoa2-bucket",
            "bucket_domain_name": "loljoa2-bucket.s3.amazonaws.com",
            "bucket_prefix": null,
            "bucket_regional_domain_name": "loljoa2-bucket.s3.ap-northeast-2.amazonaws.com",
            "cors_rule": [],
            "force_destroy": false,
            "grant": [],
            "hosted_zone_id": "Z3W03O7B5YMIYP",
            "id": "loljoa2-bucket",
            "lifecycle_rule": [],
            "logging": [],
            "object_lock_configuration": [],
            "object_lock_enabled": false,
            "policy": null,
            "region": "ap-northeast-2",
            "replication_configuration": [],
            "request_payer": "BucketOwner",
            "server_side_encryption_configuration": [],
            "tags": {
              "Environment": "Dev",
              "Name": "loljoa2-s3",
              "kubernetes.io/cluster/loljoa2-eks-cluster": "shared"
            },
            "tags_all": {
              "Environment": "Dev",
              "Name": "loljoa2-s3",
              "kubernetes.io/cluster/loljoa2-eks-cluster": "shared"
            },
            "versioning": [
              {
                "enabled": false,
                "mfa_delete": false
              }
            ],
            "website": [],
            "website_domain": null,
            "website_endpoint": null
          },
          "sensitive_attributes": [],
          "private": "bnVsbA=="
        }
      ]
    },
    {
      "mode": "managed",
      "type": "aws_security_group",
      "name": "loljoa2-bastion-sg",
      "provider": "provider[\"registry.terraform.io/hashicorp/aws\"]",
      "instances": [
        {
          "schema_version": 1,
          "attributes": {
            "arn": "arn:aws:ec2:ap-northeast-2:048987469347:security-group/sg-054ab973c77caa578",
            "description": "Managed by Terraform",
            "egress": [
              {
                "cidr_blocks": [
                  "0.0.0.0/0"
                ],
                "description": "",
                "from_port": 0,
                "ipv6_cidr_blocks": [
                  "::/0"
                ],
                "prefix_list_ids": [],
                "protocol": "-1",
                "security_groups": [],
                "self": false,
                "to_port": 0
              }
            ],
            "id": "sg-054ab973c77caa578",
            "ingress": [
              {
                "cidr_blocks": [
                  "0.0.0.0/0"
                ],
                "description": "SSH",
                "from_port": 22,
                "ipv6_cidr_blocks": [],
                "prefix_list_ids": [],
                "protocol": "tcp",
                "security_groups": [],
                "self": false,
                "to_port": 22
              },
              {
                "cidr_blocks": [
                  "0.0.0.0/0"
                ],
                "description": "jenkins",
                "from_port": 8080,
                "ipv6_cidr_blocks": [],
                "prefix_list_ids": [],
                "protocol": "tcp",
                "security_groups": [],
                "self": false,
                "to_port": 8080
              }
            ],
            "name": "loljoa2-bastion-sg",
            "name_prefix": "",
            "owner_id": "048987469347",
            "revoke_rules_on_delete": false,
            "tags": {
              "Name": "loljoa2-bastion-sg"
            },
            "tags_all": {
              "Name": "loljoa2-bastion-sg"
            },
            "timeouts": null,
            "vpc_id": "vpc-0d59c77393ab0377d"
          },
          "sensitive_attributes": [],
          "private": "eyJlMmJmYjczMC1lY2FhLTExZTYtOGY4OC0zNDM2M2JjN2M0YzAiOnsiY3JlYXRlIjo2MDAwMDAwMDAwMDAsImRlbGV0ZSI6OTAwMDAwMDAwMDAwfSwic2NoZW1hX3ZlcnNpb24iOiIxIn0=",
          "dependencies": [
            "aws_vpc.loljoa2-vpc"
          ]
        }
      ]
    },
    {
      "mode": "managed",
      "type": "aws_security_group",
      "name": "loljoa2-eks-sg",
      "provider": "provider[\"registry.terraform.io/hashicorp/aws\"]",
      "instances": [
        {
          "schema_version": 1,
          "attributes": {
            "arn": "arn:aws:ec2:ap-northeast-2:048987469347:security-group/sg-0bf784ca2593876b0",
            "description": "Managed by Terraform",
            "egress": [
              {
                "cidr_blocks": [
                  "0.0.0.0/0"
                ],
                "description": "",
                "from_port": 0,
                "ipv6_cidr_blocks": [
                  "::/0"
                ],
                "prefix_list_ids": [],
                "protocol": "-1",
                "security_groups": [],
                "self": false,
                "to_port": 0
              }
            ],
            "id": "sg-0bf784ca2593876b0",
            "ingress": [
              {
                "cidr_blocks": [
                  "0.0.0.0/0"
                ],
                "description": "",
                "from_port": 80,
                "ipv6_cidr_blocks": [],
                "prefix_list_ids": [],
                "protocol": "tcp",
                "security_groups": [],
                "self": false,
                "to_port": 80
              },
              {
                "cidr_blocks": [
                  "0.0.0.0/0"
                ],
                "description": "Allow workstation to communicate with the cluster API Server",
                "from_port": 443,
                "ipv6_cidr_blocks": [],
                "prefix_list_ids": [],
                "protocol": "tcp",
                "security_groups": [],
                "self": false,
                "to_port": 443
              }
            ],
            "name": "loljoa2-eks-sg",
            "name_prefix": "",
            "owner_id": "048987469347",
            "revoke_rules_on_delete": false,
            "tags": {
              "Name": "loljoa2-eks-sg"
            },
            "tags_all": {
              "Name": "loljoa2-eks-sg"
            },
            "timeouts": null,
            "vpc_id": "vpc-0d59c77393ab0377d"
          },
          "sensitive_attributes": [],
          "private": "eyJlMmJmYjczMC1lY2FhLTExZTYtOGY4OC0zNDM2M2JjN2M0YzAiOnsiY3JlYXRlIjo2MDAwMDAwMDAwMDAsImRlbGV0ZSI6OTAwMDAwMDAwMDAwfSwic2NoZW1hX3ZlcnNpb24iOiIxIn0=",
          "dependencies": [
            "aws_vpc.loljoa2-vpc"
          ]
        }
      ]
    },
    {
      "mode": "managed",
      "type": "aws_security_group",
      "name": "loljoa2-rds-sg",
      "provider": "provider[\"registry.terraform.io/hashicorp/aws\"]",
      "instances": [
        {
          "schema_version": 1,
          "attributes": {
            "arn": "arn:aws:ec2:ap-northeast-2:048987469347:security-group/sg-05ecabee2e9ac2624",
            "description": "Managed by Terraform",
            "egress": [],
            "id": "sg-05ecabee2e9ac2624",
            "ingress": [
              {
                "cidr_blocks": [
                  "0.0.0.0/0"
                ],
                "description": "Mysql",
                "from_port": 3306,
                "ipv6_cidr_blocks": [],
                "prefix_list_ids": [],
                "protocol": "tcp",
                "security_groups": [],
                "self": false,
                "to_port": 3306
              },
              {
                "cidr_blocks": [
                  "0.0.0.0/0"
                ],
                "description": "SSH",
                "from_port": 22,
                "ipv6_cidr_blocks": [],
                "prefix_list_ids": [],
                "protocol": "tcp",
                "security_groups": [],
                "self": false,
                "to_port": 22
              }
            ],
            "name": "loljoa2-rds-sg",
            "name_prefix": "",
            "owner_id": "048987469347",
            "revoke_rules_on_delete": false,
            "tags": {},
            "tags_all": {},
            "timeouts": null,
            "vpc_id": "vpc-0d59c77393ab0377d"
          },
          "sensitive_attributes": [],
          "private": "eyJlMmJmYjczMC1lY2FhLTExZTYtOGY4OC0zNDM2M2JjN2M0YzAiOnsiY3JlYXRlIjo2MDAwMDAwMDAwMDAsImRlbGV0ZSI6OTAwMDAwMDAwMDAwfSwic2NoZW1hX3ZlcnNpb24iOiIxIn0=",
          "dependencies": [
            "aws_vpc.loljoa2-vpc"
          ]
        }
      ]
    },
    {
      "mode": "managed",
      "type": "aws_security_group_rule",
      "name": "loljoa2-eks-cluster-ingress",
      "provider": "provider[\"registry.terraform.io/hashicorp/aws\"]",
      "instances": [
        {
          "schema_version": 2,
          "attributes": {
            "cidr_blocks": [
              "192.168.0.0/16"
            ],
            "description": "Allow workstation to communicate with the cluster API Server",
            "from_port": 443,
            "id": "sgrule-384832234",
            "ipv6_cidr_blocks": [],
            "prefix_list_ids": [],
            "protocol": "tcp",
            "security_group_id": "sg-0bf784ca2593876b0",
            "self": false,
            "source_security_group_id": null,
            "to_port": 443,
            "type": "ingress"
          },
          "sensitive_attributes": [],
          "private": "eyJzY2hlbWFfdmVyc2lvbiI6IjIifQ==",
          "dependencies": [
            "aws_security_group.loljoa2-eks-sg",
            "aws_vpc.loljoa2-vpc"
          ]
        }
      ]
    },
    {
      "mode": "managed",
      "type": "aws_subnet",
      "name": "loljoa2-pri-sub-a",
      "provider": "provider[\"registry.terraform.io/hashicorp/aws\"]",
      "instances": [
        {
          "schema_version": 1,
          "attributes": {
            "arn": "arn:aws:ec2:ap-northeast-2:048987469347:subnet/subnet-0b2b282cad20679f8",
            "assign_ipv6_address_on_creation": false,
            "availability_zone": "ap-northeast-2a",
            "availability_zone_id": "apne2-az1",
            "cidr_block": "192.168.20.0/24",
            "customer_owned_ipv4_pool": "",
            "enable_dns64": false,
            "enable_resource_name_dns_a_record_on_launch": false,
            "enable_resource_name_dns_aaaa_record_on_launch": false,
            "id": "subnet-0b2b282cad20679f8",
            "ipv6_cidr_block": "",
            "ipv6_cidr_block_association_id": "",
            "ipv6_native": false,
            "map_customer_owned_ip_on_launch": false,
            "map_public_ip_on_launch": true,
            "outpost_arn": "",
            "owner_id": "048987469347",
            "private_dns_hostname_type_on_launch": "ip-name",
            "tags": {
              "Name": "loljoa2-pri-sub-a",
              "kubernetes.io/cluster/loljoa2-eks-cluster": "shared",
              "kubernetes.io/role/internal-elb": "1"
            },
            "tags_all": {
              "Name": "loljoa2-pri-sub-a",
              "kubernetes.io/cluster/loljoa2-eks-cluster": "shared",
              "kubernetes.io/role/internal-elb": "1"
            },
            "timeouts": null,
            "vpc_id": "vpc-0d59c77393ab0377d"
          },
          "sensitive_attributes": [],
          "private": "eyJlMmJmYjczMC1lY2FhLTExZTYtOGY4OC0zNDM2M2JjN2M0YzAiOnsiY3JlYXRlIjo2MDAwMDAwMDAwMDAsImRlbGV0ZSI6MTIwMDAwMDAwMDAwMH0sInNjaGVtYV92ZXJzaW9uIjoiMSJ9",
          "dependencies": [
            "aws_vpc.loljoa2-vpc"
          ]
        }
      ]
    },
    {
      "mode": "managed",
      "type": "aws_subnet",
      "name": "loljoa2-pri-sub-c",
      "provider": "provider[\"registry.terraform.io/hashicorp/aws\"]",
      "instances": [
        {
          "schema_version": 1,
          "attributes": {
            "arn": "arn:aws:ec2:ap-northeast-2:048987469347:subnet/subnet-004527fdeb24141d5",
            "assign_ipv6_address_on_creation": false,
            "availability_zone": "ap-northeast-2c",
            "availability_zone_id": "apne2-az3",
            "cidr_block": "192.168.30.0/24",
            "customer_owned_ipv4_pool": "",
            "enable_dns64": false,
            "enable_resource_name_dns_a_record_on_launch": false,
            "enable_resource_name_dns_aaaa_record_on_launch": false,
            "id": "subnet-004527fdeb24141d5",
            "ipv6_cidr_block": "",
            "ipv6_cidr_block_association_id": "",
            "ipv6_native": false,
            "map_customer_owned_ip_on_launch": false,
            "map_public_ip_on_launch": true,
            "outpost_arn": "",
            "owner_id": "048987469347",
            "private_dns_hostname_type_on_launch": "ip-name",
            "tags": {
              "Name": "loljoa2-pri-sub-c",
              "kubernetes.io/cluster/loljoa2-eks-cluster": "shared",
              "kubernetes.io/role/internal-elb": "1"
            },
            "tags_all": {
              "Name": "loljoa2-pri-sub-c",
              "kubernetes.io/cluster/loljoa2-eks-cluster": "shared",
              "kubernetes.io/role/internal-elb": "1"
            },
            "timeouts": null,
            "vpc_id": "vpc-0d59c77393ab0377d"
          },
          "sensitive_attributes": [],
          "private": "eyJlMmJmYjczMC1lY2FhLTExZTYtOGY4OC0zNDM2M2JjN2M0YzAiOnsiY3JlYXRlIjo2MDAwMDAwMDAwMDAsImRlbGV0ZSI6MTIwMDAwMDAwMDAwMH0sInNjaGVtYV92ZXJzaW9uIjoiMSJ9",
          "dependencies": [
            "aws_vpc.loljoa2-vpc"
          ]
        }
      ]
    },
    {
      "mode": "managed",
      "type": "aws_subnet",
      "name": "loljoa2-pub-sub",
      "provider": "provider[\"registry.terraform.io/hashicorp/aws\"]",
      "instances": [
        {
          "schema_version": 1,
          "attributes": {
            "arn": "arn:aws:ec2:ap-northeast-2:048987469347:subnet/subnet-0c80f522a3c5a464d",
            "assign_ipv6_address_on_creation": false,
            "availability_zone": "ap-northeast-2a",
            "availability_zone_id": "apne2-az1",
            "cidr_block": "192.168.10.0/24",
            "customer_owned_ipv4_pool": "",
            "enable_dns64": false,
            "enable_resource_name_dns_a_record_on_launch": false,
            "enable_resource_name_dns_aaaa_record_on_launch": false,
            "id": "subnet-0c80f522a3c5a464d",
            "ipv6_cidr_block": "",
            "ipv6_cidr_block_association_id": "",
            "ipv6_native": false,
            "map_customer_owned_ip_on_launch": false,
            "map_public_ip_on_launch": true,
            "outpost_arn": "",
            "owner_id": "048987469347",
            "private_dns_hostname_type_on_launch": "ip-name",
            "tags": {
              "Name": "loljoa2-pub-sub",
              "kubernetes.io/cluster/loljoa2-eks-cluster": "shared",
              "kubernetes.io/role/elb": "1"
            },
            "tags_all": {
              "Name": "loljoa2-pub-sub",
              "kubernetes.io/cluster/loljoa2-eks-cluster": "shared",
              "kubernetes.io/role/elb": "1"
            },
            "timeouts": null,
            "vpc_id": "vpc-0d59c77393ab0377d"
          },
          "sensitive_attributes": [],
          "private": "eyJlMmJmYjczMC1lY2FhLTExZTYtOGY4OC0zNDM2M2JjN2M0YzAiOnsiY3JlYXRlIjo2MDAwMDAwMDAwMDAsImRlbGV0ZSI6MTIwMDAwMDAwMDAwMH0sInNjaGVtYV92ZXJzaW9uIjoiMSJ9",
          "dependencies": [
            "aws_vpc.loljoa2-vpc"
          ]
        }
      ]
    },
    {
      "mode": "managed",
      "type": "aws_vpc",
      "name": "loljoa2-vpc",
      "provider": "provider[\"registry.terraform.io/hashicorp/aws\"]",
      "instances": [
        {
          "schema_version": 1,
          "attributes": {
            "arn": "arn:aws:ec2:ap-northeast-2:048987469347:vpc/vpc-0d59c77393ab0377d",
            "assign_generated_ipv6_cidr_block": false,
            "cidr_block": "192.168.0.0/16",
            "default_network_acl_id": "acl-07392006d93061068",
            "default_route_table_id": "rtb-00cb2accd20c4d14d",
            "default_security_group_id": "sg-088228290fb9a0ad3",
            "dhcp_options_id": "dopt-00c080c8bd745448d",
            "enable_classiclink": false,
            "enable_classiclink_dns_support": false,
            "enable_dns_hostnames": true,
            "enable_dns_support": true,
            "id": "vpc-0d59c77393ab0377d",
            "instance_tenancy": "default",
            "ipv4_ipam_pool_id": null,
            "ipv4_netmask_length": null,
            "ipv6_association_id": "",
            "ipv6_cidr_block": "",
            "ipv6_cidr_block_network_border_group": "",
            "ipv6_ipam_pool_id": "",
            "ipv6_netmask_length": 0,
            "main_route_table_id": "rtb-00cb2accd20c4d14d",
            "owner_id": "048987469347",
            "tags": {
              "Name": "loljoa2-vpc",
              "kubernetes.io/cluster/loljoa2-eks-cluster": "shared"
            },
            "tags_all": {
              "Name": "loljoa2-vpc",
              "kubernetes.io/cluster/loljoa2-eks-cluster": "shared"
            }
          },
          "sensitive_attributes": [],
          "private": "eyJzY2hlbWFfdmVyc2lvbiI6IjEifQ=="
        }
      ]
    }
  ]
}
